
Microsoft Visual Studio Solution File, Format Version 12.00
# Visual Studio Version 17
VisualStudioVersion = 17.13.35828.75 d17.13
MinimumVisualStudioVersion = 10.0.40219.1
Project("{FAE04EC0-301F-11D3-BF4B-00C04F79EFBC}") = "Validations", "Validations\Validations.csproj", "{965F722E-222F-4439-8A98-4797F69D3079}"
EndProject
Global
	GlobalSection(SolutionConfigurationPlatforms) = preSolution
		Debug|Any CPU = Debug|Any CPU
		Release|Any CPU = Release|Any CPU
	EndGlobalSection
	GlobalSection(ProjectConfigurationPlatforms) = postSolution
		{965F722E-222F-4439-8A98-4797F69D3079}.Debug|Any CPU.ActiveCfg = Debug|Any CPU
		{965F722E-222F-4439-8A98-4797F69D3079}.Debug|Any CPU.Build.0 = Debug|Any CPU
		{965F722E-222F-4439-8A98-4797F69D3079}.Release|Any CPU.ActiveCfg = Release|Any CPU
		{965F722E-222F-4439-8A98-4797F69D3079}.Release|Any CPU.Build.0 = Release|Any CPU
	EndGlobalSection
	GlobalSection(SolutionProperties) = preSolution
		HideSolutionNode = FALSE
	EndGlobalSection
	GlobalSection(ExtensibilityGlobals) = postSolution
		SolutionGuid = {D24406C3-B46E-4F2B-A62E-3958CA7B16FF}
	EndGlobalSection
EndGlobal
