
Microsoft Visual Studio Solution File, Format Version 12.00
# Visual Studio Version 17
VisualStudioVersion = 17.13.35828.75 d17.13
MinimumVisualStudioVersion = 10.0.40219.1
Project("{FAE04EC0-301F-11D3-BF4B-00C04F79EFBC}") = "Simple", "Simple\Simple.csproj", "{D4B195EB-3730-46C8-8037-B51EFD8CA189}"
EndProject
Global
	GlobalSection(SolutionConfigurationPlatforms) = preSolution
		Debug|Any CPU = Debug|Any CPU
		Release|Any CPU = Release|Any CPU
	EndGlobalSection
	GlobalSection(ProjectConfigurationPlatforms) = postSolution
		{D4B195EB-3730-46C8-8037-B51EFD8CA189}.Debug|Any CPU.ActiveCfg = Debug|Any CPU
		{D4B195EB-3730-46C8-8037-B51EFD8CA189}.Debug|Any CPU.Build.0 = Debug|Any CPU
		{D4B195EB-3730-46C8-8037-B51EFD8CA189}.Release|Any CPU.ActiveCfg = Release|Any CPU
		{D4B195EB-3730-46C8-8037-B51EFD8CA189}.Release|Any CPU.Build.0 = Release|Any CPU
	EndGlobalSection
	GlobalSection(SolutionProperties) = preSolution
		HideSolutionNode = FALSE
	EndGlobalSection
	GlobalSection(ExtensibilityGlobals) = postSolution
		SolutionGuid = {76E74FF4-4B18-4AB6-8CF4-033D4DCAC502}
	EndGlobalSection
EndGlobal
