
Microsoft Visual Studio Solution File, Format Version 12.00
# Visual Studio Version 17
VisualStudioVersion = 17.13.35828.75 d17.13
MinimumVisualStudioVersion = 10.0.40219.1
Project("{FAE04EC0-301F-11D3-BF4B-00C04F79EFBC}") = "Patch Manager", "Patch Manager\Patch Manager.csproj", "{B9039059-96BA-4C8B-BB49-61A08D4B5D7A}"
EndProject
Global
	GlobalSection(SolutionConfigurationPlatforms) = preSolution
		Debug|Any CPU = Debug|Any CPU
		Release|Any CPU = Release|Any CPU
	EndGlobalSection
	GlobalSection(ProjectConfigurationPlatforms) = postSolution
		{B9039059-96BA-4C8B-BB49-61A08D4B5D7A}.Debug|Any CPU.ActiveCfg = Debug|Any CPU
		{B9039059-96BA-4C8B-BB49-61A08D4B5D7A}.Debug|Any CPU.Build.0 = Debug|Any CPU
		{B9039059-96BA-4C8B-BB49-61A08D4B5D7A}.Release|Any CPU.ActiveCfg = Release|Any CPU
		{B9039059-96BA-4C8B-BB49-61A08D4B5D7A}.Release|Any CPU.Build.0 = Release|Any CPU
	EndGlobalSection
	GlobalSection(SolutionProperties) = preSolution
		HideSolutionNode = FALSE
	EndGlobalSection
	GlobalSection(ExtensibilityGlobals) = postSolution
		SolutionGuid = {2B34AE52-63D1-4981-92D8-71E65A4133C9}
	EndGlobalSection
EndGlobal
