
Microsoft Visual Studio Solution File, Format Version 12.00
# Visual Studio Version 17
VisualStudioVersion = 17.13.35828.75 d17.13
MinimumVisualStudioVersion = 10.0.40219.1
Project("{FAE04EC0-301F-11D3-BF4B-00C04F79EFBC}") = "net-developer-test-core-app1", "net-developer-test-core-app1\net-developer-test-core-app1.csproj", "{AB1990D6-1C7A-481B-B768-5D00678392E7}"
EndProject
Global
	GlobalSection(SolutionConfigurationPlatforms) = preSolution
		Debug|Any CPU = Debug|Any CPU
		Release|Any CPU = Release|Any CPU
	EndGlobalSection
	GlobalSection(ProjectConfigurationPlatforms) = postSolution
		{AB1990D6-1C7A-481B-B768-5D00678392E7}.Debug|Any CPU.ActiveCfg = Debug|Any CPU
		{AB1990D6-1C7A-481B-B768-5D00678392E7}.Debug|Any CPU.Build.0 = Debug|Any CPU
		{AB1990D6-1C7A-481B-B768-5D00678392E7}.Release|Any CPU.ActiveCfg = Release|Any CPU
		{AB1990D6-1C7A-481B-B768-5D00678392E7}.Release|Any CPU.Build.0 = Release|Any CPU
	EndGlobalSection
	GlobalSection(SolutionProperties) = preSolution
		HideSolutionNode = FALSE
	EndGlobalSection
	GlobalSection(ExtensibilityGlobals) = postSolution
		SolutionGuid = {26D588E1-B0C5-49A1-AD00-616F050A3844}
	EndGlobalSection
EndGlobal
